
Microsoft Visual Studio Solution File, Format Version 12.00
# Visual Studio Version 17
VisualStudioVersion = 17.14.36301.6 d17.14
MinimumVisualStudioVersion = 10.0.40219.1
Project("{FAE04EC0-301F-11D3-BF4B-00C04F79EFBC}") = "tests", "tests.csproj", "{E3BBA54E-903C-42D1-9833-E47E73D3DE06}"
EndProject
Global
	GlobalSection(SolutionConfigurationPlatforms) = preSolution
		Debug|Any CPU = Debug|Any CPU
		Release|Any CPU = Release|Any CPU
	EndGlobalSection
	GlobalSection(ProjectConfigurationPlatforms) = postSolution
		{E3BBA54E-903C-42D1-9833-E47E73D3DE06}.Debug|Any CPU.ActiveCfg = Debug|Any CPU
		{E3BBA54E-903C-42D1-9833-E47E73D3DE06}.Debug|Any CPU.Build.0 = Debug|Any CPU
		{E3BBA54E-903C-42D1-9833-E47E73D3DE06}.Release|Any CPU.ActiveCfg = Release|Any CPU
		{E3BBA54E-903C-42D1-9833-E47E73D3DE06}.Release|Any CPU.Build.0 = Release|Any CPU
	EndGlobalSection
	GlobalSection(SolutionProperties) = preSolution
		HideSolutionNode = FALSE
	EndGlobalSection
	GlobalSection(ExtensibilityGlobals) = postSolution
		SolutionGuid = {702B8B46-37E3-4BC1-9881-7D0B5EFD0FEE}
	EndGlobalSection
EndGlobal
